{
  "name": "iconify",
  "lockfileVersion": 2,
  "requires": true,
  "packages": {
    "": {
      "devDependencies": {
        "@loscrackitos/svelte-typed-js": "^0.1.3"
      }
    },
    "node_modules/@loscrackitos/svelte-typed-js": {
      "version": "0.1.3",
      "resolved": "https://registry.npmjs.org/@loscrackitos/svelte-typed-js/-/svelte-typed-js-0.1.3.tgz",
      "integrity": "sha512-ZmxBTEMUTHe2iTeQ5OwrmbGbWpea+eUrGrhsTgFusTfN2L3jtW070cGArhjs8KGYiVsQSBTMIQN84Hl7wxMbEA==",
      "dev": true,
      "dependencies": {
        "typed.js": "^2.0.11"
      }
    },
    "node_modules/typed.js": {
      "version": "2.0.12",
      "resolved": "https://registry.npmjs.org/typed.js/-/typed.js-2.0.12.tgz",
      "integrity": "sha512-lyACZh1cu+vpfYY3DG/bvsGLXXbdoDDpWxmqta10IQUdMXisMXOEyl+jos+YT9uBbzK4QaKYBjT3R0kTJO0Slw==",
      "dev": true
    }
  },
  "dependencies": {
    "@loscrackitos/svelte-typed-js": {
      "version": "0.1.3",
      "resolved": "https://registry.npmjs.org/@loscrackitos/svelte-typed-js/-/svelte-typed-js-0.1.3.tgz",
      "integrity": "sha512-ZmxBTEMUTHe2iTeQ5OwrmbGbWpea+eUrGrhsTgFusTfN2L3jtW070cGArhjs8KGYiVsQSBTMIQN84Hl7wxMbEA==",
      "dev": true,
      "requires": {
        "typed.js": "^2.0.11"
      }
    },
    "typed.js": {
      "version": "2.0.12",
      "resolved": "https://registry.npmjs.org/typed.js/-/typed.js-2.0.12.tgz",
      "integrity": "sha512-lyACZh1cu+vpfYY3DG/bvsGLXXbdoDDpWxmqta10IQUdMXisMXOEyl+jos+YT9uBbzK4QaKYBjT3R0kTJO0Slw==",
      "dev": true
    }
  }
}
